
Microsoft Visual Studio Solution File, Format Version 12.00
# Visual Studio Version 17
VisualStudioVersion = 17.0.32112.339
MinimumVisualStudioVersion = 10.0.40219.1
Project("{9A19103F-16F7-4668-BE54-9A1E7A4F7556}") = "PRSCAPSTONECORRECTFINAL", "PRSCAPSTONECORRECTFINAL\PRSCAPSTONECORRECTFINAL.csproj", "{7DD0C44C-B9B5-4AEA-8427-8755EED5ABB2}"
EndProject
Global
	GlobalSection(SolutionConfigurationPlatforms) = preSolution
		Debug|Any CPU = Debug|Any CPU
		Release|Any CPU = Release|Any CPU
	EndGlobalSection
	GlobalSection(ProjectConfigurationPlatforms) = postSolution
		{7DD0C44C-B9B5-4AEA-8427-8755EED5ABB2}.Debug|Any CPU.ActiveCfg = Debug|Any CPU
		{7DD0C44C-B9B5-4AEA-8427-8755EED5ABB2}.Debug|Any CPU.Build.0 = Debug|Any CPU
		{7DD0C44C-B9B5-4AEA-8427-8755EED5ABB2}.Release|Any CPU.ActiveCfg = Release|Any CPU
		{7DD0C44C-B9B5-4AEA-8427-8755EED5ABB2}.Release|Any CPU.Build.0 = Release|Any CPU
	EndGlobalSection
	GlobalSection(SolutionProperties) = preSolution
		HideSolutionNode = FALSE
	EndGlobalSection
	GlobalSection(ExtensibilityGlobals) = postSolution
		SolutionGuid = {0FB7E82B-B572-450D-8DF1-9ACCD671EB98}
	EndGlobalSection
EndGlobal
